
Microsoft Visual Studio Solution File, Format Version 12.00
# Visual Studio 2013
VisualStudioVersion = 12.0.21005.1
MinimumVisualStudioVersion = 10.0.40219.1
Project("{FAE04EC0-301F-11D3-BF4B-00C04F79EFBC}") = "TrainingCentersCRM", "TrainingCentersCRM\TrainingCentersCRM.csproj", "{C0AC1514-490A-4A36-BB08-1E2731E012D0}"
EndProject
Project("{FAE04EC0-301F-11D3-BF4B-00C04F79EFBC}") = "TrainingCentersCRM.Tests", "TrainingCentersCRM.Tests\TrainingCentersCRM.Tests.csproj", "{3D752BDB-7857-4BAC-B7AB-F69E44C57946}"
EndProject
Global
	GlobalSection(SolutionConfigurationPlatforms) = preSolution
		Debug|Any CPU = Debug|Any CPU
		Release|Any CPU = Release|Any CPU
	EndGlobalSection
	GlobalSection(ProjectConfigurationPlatforms) = postSolution
		{C0AC1514-490A-4A36-BB08-1E2731E012D0}.Debug|Any CPU.ActiveCfg = Debug|Any CPU
		{C0AC1514-490A-4A36-BB08-1E2731E012D0}.Debug|Any CPU.Build.0 = Debug|Any CPU
		{C0AC1514-490A-4A36-BB08-1E2731E012D0}.Release|Any CPU.ActiveCfg = Release|Any CPU
		{C0AC1514-490A-4A36-BB08-1E2731E012D0}.Release|Any CPU.Build.0 = Release|Any CPU
		{3D752BDB-7857-4BAC-B7AB-F69E44C57946}.Debug|Any CPU.ActiveCfg = Debug|Any CPU
		{3D752BDB-7857-4BAC-B7AB-F69E44C57946}.Debug|Any CPU.Build.0 = Debug|Any CPU
		{3D752BDB-7857-4BAC-B7AB-F69E44C57946}.Release|Any CPU.ActiveCfg = Release|Any CPU
		{3D752BDB-7857-4BAC-B7AB-F69E44C57946}.Release|Any CPU.Build.0 = Release|Any CPU
	EndGlobalSection
	GlobalSection(SolutionProperties) = preSolution
		HideSolutionNode = FALSE
	EndGlobalSection
EndGlobal
